
Microsoft Visual Studio Solution File, Format Version 12.00
# Visual Studio Version 17
VisualStudioVersion = 17.10.34928.147
MinimumVisualStudioVersion = 10.0.40219.1
Project("{FAE04EC0-301F-11D3-BF4B-00C04F79EFBC}") = "RPS-Game", "RPS-Game\RPS-Game.csproj", "{4B92E8E0-6B5C-48D4-A739-FDB132F99CC0}"
EndProject
Global
	GlobalSection(SolutionConfigurationPlatforms) = preSolution
		Debug|Any CPU = Debug|Any CPU
		Release|Any CPU = Release|Any CPU
	EndGlobalSection
	GlobalSection(ProjectConfigurationPlatforms) = postSolution
		{4B92E8E0-6B5C-48D4-A739-FDB132F99CC0}.Debug|Any CPU.ActiveCfg = Debug|Any CPU
		{4B92E8E0-6B5C-48D4-A739-FDB132F99CC0}.Debug|Any CPU.Build.0 = Debug|Any CPU
		{4B92E8E0-6B5C-48D4-A739-FDB132F99CC0}.Release|Any CPU.ActiveCfg = Release|Any CPU
		{4B92E8E0-6B5C-48D4-A739-FDB132F99CC0}.Release|Any CPU.Build.0 = Release|Any CPU
	EndGlobalSection
	GlobalSection(SolutionProperties) = preSolution
		HideSolutionNode = FALSE
	EndGlobalSection
	GlobalSection(ExtensibilityGlobals) = postSolution
		SolutionGuid = {C1EA5931-4CEC-4B61-8458-5CC4C84FC69D}
	EndGlobalSection
EndGlobal
